
Microsoft Visual Studio Solution File, Format Version 12.00
# Visual Studio Version 17
Project("{2150E333-8FDC-42A3-9474-1A3956D46DE8}") = "CMakePredefinedTargets", "CMakePredefinedTargets", "{11B54086-AE18-3DD8-8249-99E4E5B1C5C4}"
EndProject
Project("{8BC9CEB8-8B4A-11D0-8D11-00A0C91BC942}") = "Fase1", "Fase1.vcxproj", "{5C1A8B3F-2E3E-31F0-8241-5229787DED66}"
	ProjectSection(ProjectDependencies) = postProject
		{4D20E304-54D2-390C-B7BE-9EDD3EEAF1CC} = {4D20E304-54D2-390C-B7BE-9EDD3EEAF1CC}
		{1E54EA76-0AE2-3997-B60F-D4BB213519D7} = {1E54EA76-0AE2-3997-B60F-D4BB213519D7}
		{4EA583A8-8E2D-38A2-A1E7-909159DAFD6F} = {4EA583A8-8E2D-38A2-A1E7-909159DAFD6F}
		{5343962D-D391-38FE-9A19-3C1592A3A7FB} = {5343962D-D391-38FE-9A19-3C1592A3A7FB}
	EndProjectSection
EndProject
Project("{8BC9CEB8-8B4A-11D0-8D11-00A0C91BC942}") = "ALL_BUILD", "ALL_BUILD.vcxproj", "{A5BDC7CF-15C9-3B5B-94ED-6B6334EF649F}"
	ProjectSection(ProjectDependencies) = postProject
		{5C1A8B3F-2E3E-31F0-8241-5229787DED66} = {5C1A8B3F-2E3E-31F0-8241-5229787DED66}
		{4D20E304-54D2-390C-B7BE-9EDD3EEAF1CC} = {4D20E304-54D2-390C-B7BE-9EDD3EEAF1CC}
		{1E54EA76-0AE2-3997-B60F-D4BB213519D7} = {1E54EA76-0AE2-3997-B60F-D4BB213519D7}
		{4EA583A8-8E2D-38A2-A1E7-909159DAFD6F} = {4EA583A8-8E2D-38A2-A1E7-909159DAFD6F}
		{5343962D-D391-38FE-9A19-3C1592A3A7FB} = {5343962D-D391-38FE-9A19-3C1592A3A7FB}
	EndProjectSection
EndProject
Project("{8BC9CEB8-8B4A-11D0-8D11-00A0C91BC942}") = "ZERO_CHECK", "ZERO_CHECK.vcxproj", "{4D20E304-54D2-390C-B7BE-9EDD3EEAF1CC}"
	ProjectSection(ProjectDependencies) = postProject
	EndProjectSection
EndProject
Project("{8BC9CEB8-8B4A-11D0-8D11-00A0C91BC942}") = "tinyXML", "tinyXML.vcxproj", "{1E54EA76-0AE2-3997-B60F-D4BB213519D7}"
	ProjectSection(ProjectDependencies) = postProject
		{4D20E304-54D2-390C-B7BE-9EDD3EEAF1CC} = {4D20E304-54D2-390C-B7BE-9EDD3EEAF1CC}
		{4EA583A8-8E2D-38A2-A1E7-909159DAFD6F} = {4EA583A8-8E2D-38A2-A1E7-909159DAFD6F}
		{5343962D-D391-38FE-9A19-3C1592A3A7FB} = {5343962D-D391-38FE-9A19-3C1592A3A7FB}
	EndProjectSection
EndProject
Project("{8BC9CEB8-8B4A-11D0-8D11-00A0C91BC942}") = "tools", "tools.vcxproj", "{4EA583A8-8E2D-38A2-A1E7-909159DAFD6F}"
	ProjectSection(ProjectDependencies) = postProject
		{4D20E304-54D2-390C-B7BE-9EDD3EEAF1CC} = {4D20E304-54D2-390C-B7BE-9EDD3EEAF1CC}
	EndProjectSection
EndProject
Project("{8BC9CEB8-8B4A-11D0-8D11-00A0C91BC942}") = "world_config", "world_config.vcxproj", "{5343962D-D391-38FE-9A19-3C1592A3A7FB}"
	ProjectSection(ProjectDependencies) = postProject
		{4D20E304-54D2-390C-B7BE-9EDD3EEAF1CC} = {4D20E304-54D2-390C-B7BE-9EDD3EEAF1CC}
	EndProjectSection
EndProject
Global
	GlobalSection(SolutionConfigurationPlatforms) = preSolution
		Debug|Win32 = Debug|Win32
		Release|Win32 = Release|Win32
		MinSizeRel|Win32 = MinSizeRel|Win32
		RelWithDebInfo|Win32 = RelWithDebInfo|Win32
	EndGlobalSection
	GlobalSection(ProjectConfigurationPlatforms) = postSolution
		{5C1A8B3F-2E3E-31F0-8241-5229787DED66}.Debug|Win32.ActiveCfg = Debug|Win32
		{5C1A8B3F-2E3E-31F0-8241-5229787DED66}.Debug|Win32.Build.0 = Debug|Win32
		{5C1A8B3F-2E3E-31F0-8241-5229787DED66}.Release|Win32.ActiveCfg = Release|Win32
		{5C1A8B3F-2E3E-31F0-8241-5229787DED66}.Release|Win32.Build.0 = Release|Win32
		{5C1A8B3F-2E3E-31F0-8241-5229787DED66}.MinSizeRel|Win32.ActiveCfg = MinSizeRel|Win32
		{5C1A8B3F-2E3E-31F0-8241-5229787DED66}.MinSizeRel|Win32.Build.0 = MinSizeRel|Win32
		{5C1A8B3F-2E3E-31F0-8241-5229787DED66}.RelWithDebInfo|Win32.ActiveCfg = RelWithDebInfo|Win32
		{5C1A8B3F-2E3E-31F0-8241-5229787DED66}.RelWithDebInfo|Win32.Build.0 = RelWithDebInfo|Win32
		{A5BDC7CF-15C9-3B5B-94ED-6B6334EF649F}.Debug|Win32.ActiveCfg = Debug|Win32
		{A5BDC7CF-15C9-3B5B-94ED-6B6334EF649F}.Release|Win32.ActiveCfg = Release|Win32
		{A5BDC7CF-15C9-3B5B-94ED-6B6334EF649F}.MinSizeRel|Win32.ActiveCfg = MinSizeRel|Win32
		{A5BDC7CF-15C9-3B5B-94ED-6B6334EF649F}.RelWithDebInfo|Win32.ActiveCfg = RelWithDebInfo|Win32
		{4D20E304-54D2-390C-B7BE-9EDD3EEAF1CC}.Debug|Win32.ActiveCfg = Debug|Win32
		{4D20E304-54D2-390C-B7BE-9EDD3EEAF1CC}.Debug|Win32.Build.0 = Debug|Win32
		{4D20E304-54D2-390C-B7BE-9EDD3EEAF1CC}.Release|Win32.ActiveCfg = Release|Win32
		{4D20E304-54D2-390C-B7BE-9EDD3EEAF1CC}.Release|Win32.Build.0 = Release|Win32
		{4D20E304-54D2-390C-B7BE-9EDD3EEAF1CC}.MinSizeRel|Win32.ActiveCfg = MinSizeRel|Win32
		{4D20E304-54D2-390C-B7BE-9EDD3EEAF1CC}.MinSizeRel|Win32.Build.0 = MinSizeRel|Win32
		{4D20E304-54D2-390C-B7BE-9EDD3EEAF1CC}.RelWithDebInfo|Win32.ActiveCfg = RelWithDebInfo|Win32
		{4D20E304-54D2-390C-B7BE-9EDD3EEAF1CC}.RelWithDebInfo|Win32.Build.0 = RelWithDebInfo|Win32
		{1E54EA76-0AE2-3997-B60F-D4BB213519D7}.Debug|Win32.ActiveCfg = Debug|Win32
		{1E54EA76-0AE2-3997-B60F-D4BB213519D7}.Debug|Win32.Build.0 = Debug|Win32
		{1E54EA76-0AE2-3997-B60F-D4BB213519D7}.Release|Win32.ActiveCfg = Release|Win32
		{1E54EA76-0AE2-3997-B60F-D4BB213519D7}.Release|Win32.Build.0 = Release|Win32
		{1E54EA76-0AE2-3997-B60F-D4BB213519D7}.MinSizeRel|Win32.ActiveCfg = MinSizeRel|Win32
		{1E54EA76-0AE2-3997-B60F-D4BB213519D7}.MinSizeRel|Win32.Build.0 = MinSizeRel|Win32
		{1E54EA76-0AE2-3997-B60F-D4BB213519D7}.RelWithDebInfo|Win32.ActiveCfg = RelWithDebInfo|Win32
		{1E54EA76-0AE2-3997-B60F-D4BB213519D7}.RelWithDebInfo|Win32.Build.0 = RelWithDebInfo|Win32
		{4EA583A8-8E2D-38A2-A1E7-909159DAFD6F}.Debug|Win32.ActiveCfg = Debug|Win32
		{4EA583A8-8E2D-38A2-A1E7-909159DAFD6F}.Debug|Win32.Build.0 = Debug|Win32
		{4EA583A8-8E2D-38A2-A1E7-909159DAFD6F}.Release|Win32.ActiveCfg = Release|Win32
		{4EA583A8-8E2D-38A2-A1E7-909159DAFD6F}.Release|Win32.Build.0 = Release|Win32
		{4EA583A8-8E2D-38A2-A1E7-909159DAFD6F}.MinSizeRel|Win32.ActiveCfg = MinSizeRel|Win32
		{4EA583A8-8E2D-38A2-A1E7-909159DAFD6F}.MinSizeRel|Win32.Build.0 = MinSizeRel|Win32
		{4EA583A8-8E2D-38A2-A1E7-909159DAFD6F}.RelWithDebInfo|Win32.ActiveCfg = RelWithDebInfo|Win32
		{4EA583A8-8E2D-38A2-A1E7-909159DAFD6F}.RelWithDebInfo|Win32.Build.0 = RelWithDebInfo|Win32
		{5343962D-D391-38FE-9A19-3C1592A3A7FB}.Debug|Win32.ActiveCfg = Debug|Win32
		{5343962D-D391-38FE-9A19-3C1592A3A7FB}.Debug|Win32.Build.0 = Debug|Win32
		{5343962D-D391-38FE-9A19-3C1592A3A7FB}.Release|Win32.ActiveCfg = Release|Win32
		{5343962D-D391-38FE-9A19-3C1592A3A7FB}.Release|Win32.Build.0 = Release|Win32
		{5343962D-D391-38FE-9A19-3C1592A3A7FB}.MinSizeRel|Win32.ActiveCfg = MinSizeRel|Win32
		{5343962D-D391-38FE-9A19-3C1592A3A7FB}.MinSizeRel|Win32.Build.0 = MinSizeRel|Win32
		{5343962D-D391-38FE-9A19-3C1592A3A7FB}.RelWithDebInfo|Win32.ActiveCfg = RelWithDebInfo|Win32
		{5343962D-D391-38FE-9A19-3C1592A3A7FB}.RelWithDebInfo|Win32.Build.0 = RelWithDebInfo|Win32
	EndGlobalSection
	GlobalSection(NestedProjects) = preSolution
		{A5BDC7CF-15C9-3B5B-94ED-6B6334EF649F} = {11B54086-AE18-3DD8-8249-99E4E5B1C5C4}
		{4D20E304-54D2-390C-B7BE-9EDD3EEAF1CC} = {11B54086-AE18-3DD8-8249-99E4E5B1C5C4}
	EndGlobalSection
	GlobalSection(ExtensibilityGlobals) = postSolution
		SolutionGuid = {2F9DF99D-B6E8-342B-A027-17F61E9B05F9}
	EndGlobalSection
	GlobalSection(ExtensibilityAddIns) = postSolution
	EndGlobalSection
EndGlobal
