<?xml version="1.0" encoding="utf-8"?>
<Project ToolsVersion="17.0" xmlns="http://schemas.microsoft.com/developer/msbuild/2003">
  <ItemGroup>
    <ClCompile Include="C:\Users\Utilizador\source\repos\ruiallves\Graphics-Engine-CG\Fase2\src\engine\engine.cpp">
      <Filter>Source Files</Filter>
    </ClCompile>
  </ItemGroup>
  <ItemGroup>
    <CustomBuild Include="C:\Users\Utilizador\source\repos\ruiallves\Graphics-Engine-CG\Fase2\src\engine\CMakeLists.txt" />
  </ItemGroup>
  <ItemGroup>
    <Filter Include="Source Files">
      <UniqueIdentifier>{ED731906-F9B3-32AA-804F-B99031475E49}</UniqueIdentifier>
    </Filter>
  </ItemGroup>
</Project>
