<?xml version="1.0" encoding="utf-8"?>
<Project ToolsVersion="17.0" xmlns="http://schemas.microsoft.com/developer/msbuild/2003">
  <ItemGroup>
    <ClCompile Include="C:\Users\Utilizador\source\repos\ruiallves\Graphics-Engine-CG\Fase2\src\tinyxml\tinystr.cpp">
      <Filter>Source Files</Filter>
    </ClCompile>
    <ClCompile Include="C:\Users\Utilizador\source\repos\ruiallves\Graphics-Engine-CG\Fase2\src\tinyxml\tinyxmlerror.cpp">
      <Filter>Source Files</Filter>
    </ClCompile>
    <ClCompile Include="C:\Users\Utilizador\source\repos\ruiallves\Graphics-Engine-CG\Fase2\src\tinyxml\tinyxmlparser.cpp">
      <Filter>Source Files</Filter>
    </ClCompile>
    <ClCompile Include="C:\Users\Utilizador\source\repos\ruiallves\Graphics-Engine-CG\Fase2\src\tinyxml\tinyxml.cpp">
      <Filter>Source Files</Filter>
    </ClCompile>
  </ItemGroup>
  <ItemGroup>
    <ClInclude Include="C:\Users\Utilizador\source\repos\ruiallves\Graphics-Engine-CG\Fase2\src\tinyxml\tinystr.h">
      <Filter>Header Files</Filter>
    </ClInclude>
    <ClInclude Include="C:\Users\Utilizador\source\repos\ruiallves\Graphics-Engine-CG\Fase2\src\tinyxml\tinyxml.h">
      <Filter>Header Files</Filter>
    </ClInclude>
  </ItemGroup>
  <ItemGroup>
    <CustomBuild Include="C:\Users\Utilizador\source\repos\ruiallves\Graphics-Engine-CG\Fase2\src\engine\CMakeLists.txt" />
  </ItemGroup>
  <ItemGroup>
    <Filter Include="Header Files">
      <UniqueIdentifier>{1D1494B2-46DD-3E15-B338-F3D67FA6B770}</UniqueIdentifier>
    </Filter>
    <Filter Include="Source Files">
      <UniqueIdentifier>{ED731906-F9B3-32AA-804F-B99031475E49}</UniqueIdentifier>
    </Filter>
  </ItemGroup>
</Project>
