<?xml version="1.0" encoding="utf-8"?>
<Project ToolsVersion="17.0" xmlns="http://schemas.microsoft.com/developer/msbuild/2003">
  <ItemGroup>
    <CustomBuild Include="C:\Users\Utilizador\source\repos\ruiallves\Graphics-Engine-CG\Fase2\src\engine\config\CMakeFiles\430a286f6924f4c6607d208d69915506\generate.stamp.rule">
      <Filter>CMake Rules</Filter>
    </CustomBuild>
  </ItemGroup>
  <ItemGroup>
    <Filter Include="CMake Rules">
      <UniqueIdentifier>{46758FBA-50BE-3090-B8A4-98A1E4C145A7}</UniqueIdentifier>
    </Filter>
  </ItemGroup>
</Project>
